
Microsoft Visual Studio Solution File, Format Version 12.00
# Visual Studio Version 17
VisualStudioVersion = 17.2.32526.322
MinimumVisualStudioVersion = 10.0.40219.1
Project("{FAE04EC0-301F-11D3-BF4B-00C04F79EFBC}") = "TemperatureUnitsConversion", "TemperatureUnitsConversion\TemperatureUnitsConversion.csproj", "{C6611347-53D4-410D-91FC-1EFD5E5E0A55}"
EndProject
Project("{FAE04EC0-301F-11D3-BF4B-00C04F79EFBC}") = "TemperatureUnitConversion", "TemperatureUnitConversion\TemperatureUnitConversion.csproj", "{182F9ADE-4E19-4D5E-989C-9CAB850FCEAF}"
EndProject
Global
	GlobalSection(SolutionConfigurationPlatforms) = preSolution
		Debug|Any CPU = Debug|Any CPU
		Release|Any CPU = Release|Any CPU
	EndGlobalSection
	GlobalSection(ProjectConfigurationPlatforms) = postSolution
		{C6611347-53D4-410D-91FC-1EFD5E5E0A55}.Debug|Any CPU.ActiveCfg = Debug|Any CPU
		{C6611347-53D4-410D-91FC-1EFD5E5E0A55}.Debug|Any CPU.Build.0 = Debug|Any CPU
		{C6611347-53D4-410D-91FC-1EFD5E5E0A55}.Release|Any CPU.ActiveCfg = Release|Any CPU
		{C6611347-53D4-410D-91FC-1EFD5E5E0A55}.Release|Any CPU.Build.0 = Release|Any CPU
		{182F9ADE-4E19-4D5E-989C-9CAB850FCEAF}.Debug|Any CPU.ActiveCfg = Debug|Any CPU
		{182F9ADE-4E19-4D5E-989C-9CAB850FCEAF}.Debug|Any CPU.Build.0 = Debug|Any CPU
		{182F9ADE-4E19-4D5E-989C-9CAB850FCEAF}.Release|Any CPU.ActiveCfg = Release|Any CPU
		{182F9ADE-4E19-4D5E-989C-9CAB850FCEAF}.Release|Any CPU.Build.0 = Release|Any CPU
	EndGlobalSection
	GlobalSection(SolutionProperties) = preSolution
		HideSolutionNode = FALSE
	EndGlobalSection
	GlobalSection(ExtensibilityGlobals) = postSolution
		SolutionGuid = {3C7ADD4B-1248-4E07-9857-BC218758A781}
	EndGlobalSection
EndGlobal
