
Microsoft Visual Studio Solution File, Format Version 12.00
# Visual Studio Version 17
VisualStudioVersion = 17.3.32819.101
MinimumVisualStudioVersion = 10.0.40219.1
Project("{9A19103F-16F7-4668-BE54-9A1E7A4F7556}") = "LibraryManagement.Infrastructure", "LibraryManagement.Infrastructure\LibraryManagement.Infrastructure.csproj", "{5F4519AC-752D-4D3D-A322-6B9CA66EF2F6}"
EndProject
Project("{9A19103F-16F7-4668-BE54-9A1E7A4F7556}") = "LibraryManagement.Api", "LibraryManagementAPI\LibraryManagement.Api.csproj", "{5316DCC5-257F-4D29-B2E0-9FBF8855DD47}"
EndProject
Project("{9A19103F-16F7-4668-BE54-9A1E7A4F7556}") = "LibraryManagement.Core", "LibraryManagementSystem.Core\LibraryManagement.Core.csproj", "{92187E9C-C38F-4CF4-AEE1-A681CD6CBE83}"
EndProject
Project("{FAE04EC0-301F-11D3-BF4B-00C04F79EFBC}") = "LibraryManagementSystem.Tests", "LibraryManagementSystem.Tests\LibraryManagementSystem.Tests.csproj", "{CEFBA9EA-629B-44F9-8A7A-80162CB422FA}"
EndProject
Global
	GlobalSection(SolutionConfigurationPlatforms) = preSolution
		Debug|Any CPU = Debug|Any CPU
		Release|Any CPU = Release|Any CPU
	EndGlobalSection
	GlobalSection(ProjectConfigurationPlatforms) = postSolution
		{5F4519AC-752D-4D3D-A322-6B9CA66EF2F6}.Debug|Any CPU.ActiveCfg = Debug|Any CPU
		{5F4519AC-752D-4D3D-A322-6B9CA66EF2F6}.Debug|Any CPU.Build.0 = Debug|Any CPU
		{5F4519AC-752D-4D3D-A322-6B9CA66EF2F6}.Release|Any CPU.ActiveCfg = Release|Any CPU
		{5F4519AC-752D-4D3D-A322-6B9CA66EF2F6}.Release|Any CPU.Build.0 = Release|Any CPU
		{5316DCC5-257F-4D29-B2E0-9FBF8855DD47}.Debug|Any CPU.ActiveCfg = Debug|Any CPU
		{5316DCC5-257F-4D29-B2E0-9FBF8855DD47}.Debug|Any CPU.Build.0 = Debug|Any CPU
		{5316DCC5-257F-4D29-B2E0-9FBF8855DD47}.Release|Any CPU.ActiveCfg = Release|Any CPU
		{5316DCC5-257F-4D29-B2E0-9FBF8855DD47}.Release|Any CPU.Build.0 = Release|Any CPU
		{92187E9C-C38F-4CF4-AEE1-A681CD6CBE83}.Debug|Any CPU.ActiveCfg = Debug|Any CPU
		{92187E9C-C38F-4CF4-AEE1-A681CD6CBE83}.Debug|Any CPU.Build.0 = Debug|Any CPU
		{92187E9C-C38F-4CF4-AEE1-A681CD6CBE83}.Release|Any CPU.ActiveCfg = Release|Any CPU
		{92187E9C-C38F-4CF4-AEE1-A681CD6CBE83}.Release|Any CPU.Build.0 = Release|Any CPU
		{CEFBA9EA-629B-44F9-8A7A-80162CB422FA}.Debug|Any CPU.ActiveCfg = Debug|Any CPU
		{CEFBA9EA-629B-44F9-8A7A-80162CB422FA}.Debug|Any CPU.Build.0 = Debug|Any CPU
		{CEFBA9EA-629B-44F9-8A7A-80162CB422FA}.Release|Any CPU.ActiveCfg = Release|Any CPU
		{CEFBA9EA-629B-44F9-8A7A-80162CB422FA}.Release|Any CPU.Build.0 = Release|Any CPU
	EndGlobalSection
	GlobalSection(SolutionProperties) = preSolution
		HideSolutionNode = FALSE
	EndGlobalSection
	GlobalSection(ExtensibilityGlobals) = postSolution
		SolutionGuid = {FE498D27-6E73-4EB0-AA0B-47FE56F7FF5E}
	EndGlobalSection
EndGlobal
