
Microsoft Visual Studio Solution File, Format Version 12.00
# Visual Studio Version 17
VisualStudioVersion = 17.2.32526.322
MinimumVisualStudioVersion = 10.0.40219.1
Project("{FAE04EC0-301F-11D3-BF4B-00C04F79EFBC}") = "GST-TaxCalculationApp", "GST-TaxCalculationApp\GST-TaxCalculationApp.csproj", "{E0511D06-507C-4DD9-B806-AB1CE3C3214C}"
EndProject
Project("{FAE04EC0-301F-11D3-BF4B-00C04F79EFBC}") = "GstCalculation", "GstCalculation\GstCalculation.csproj", "{7628BEEF-1119-4327-97A3-0FB53BFD2E56}"
EndProject
Global
	GlobalSection(SolutionConfigurationPlatforms) = preSolution
		Debug|Any CPU = Debug|Any CPU
		Release|Any CPU = Release|Any CPU
	EndGlobalSection
	GlobalSection(ProjectConfigurationPlatforms) = postSolution
		{E0511D06-507C-4DD9-B806-AB1CE3C3214C}.Debug|Any CPU.ActiveCfg = Debug|Any CPU
		{E0511D06-507C-4DD9-B806-AB1CE3C3214C}.Debug|Any CPU.Build.0 = Debug|Any CPU
		{E0511D06-507C-4DD9-B806-AB1CE3C3214C}.Release|Any CPU.ActiveCfg = Release|Any CPU
		{E0511D06-507C-4DD9-B806-AB1CE3C3214C}.Release|Any CPU.Build.0 = Release|Any CPU
		{7628BEEF-1119-4327-97A3-0FB53BFD2E56}.Debug|Any CPU.ActiveCfg = Debug|Any CPU
		{7628BEEF-1119-4327-97A3-0FB53BFD2E56}.Debug|Any CPU.Build.0 = Debug|Any CPU
		{7628BEEF-1119-4327-97A3-0FB53BFD2E56}.Release|Any CPU.ActiveCfg = Release|Any CPU
		{7628BEEF-1119-4327-97A3-0FB53BFD2E56}.Release|Any CPU.Build.0 = Release|Any CPU
	EndGlobalSection
	GlobalSection(SolutionProperties) = preSolution
		HideSolutionNode = FALSE
	EndGlobalSection
	GlobalSection(ExtensibilityGlobals) = postSolution
		SolutionGuid = {2C85BFD5-9E83-4279-B364-9561D999AC09}
	EndGlobalSection
EndGlobal
