
Microsoft Visual Studio Solution File, Format Version 12.00
# Visual Studio Version 17
VisualStudioVersion = 17.3.32922.545
MinimumVisualStudioVersion = 10.0.40219.1
Project("{FAE04EC0-301F-11D3-BF4B-00C04F79EFBC}") = "JWT.Authentication.server", "JWT.Authentication.server\JWT.Authentication.server.csproj", "{60B16CD5-E039-4CFF-8D56-E987B2F55503}"
EndProject
Project("{FAE04EC0-301F-11D3-BF4B-00C04F79EFBC}") = "JWT.Authentication.Core", "JWT.Authentication.Core\JWT.Authentication.Core.csproj", "{91C5285C-A17F-40B0-A2EC-E9992C3C58AD}"
EndProject
Project("{FAE04EC0-301F-11D3-BF4B-00C04F79EFBC}") = "JWT.Authentication.Infrastructure", "JWT.Authentication.Infrastructure\JWT.Authentication.Infrastructure.csproj", "{36C65304-976D-4E82-9F92-2284B66EBFD4}"
EndProject
Global
	GlobalSection(SolutionConfigurationPlatforms) = preSolution
		Debug|Any CPU = Debug|Any CPU
		Release|Any CPU = Release|Any CPU
	EndGlobalSection
	GlobalSection(ProjectConfigurationPlatforms) = postSolution
		{60B16CD5-E039-4CFF-8D56-E987B2F55503}.Debug|Any CPU.ActiveCfg = Debug|Any CPU
		{60B16CD5-E039-4CFF-8D56-E987B2F55503}.Debug|Any CPU.Build.0 = Debug|Any CPU
		{60B16CD5-E039-4CFF-8D56-E987B2F55503}.Release|Any CPU.ActiveCfg = Release|Any CPU
		{60B16CD5-E039-4CFF-8D56-E987B2F55503}.Release|Any CPU.Build.0 = Release|Any CPU
		{91C5285C-A17F-40B0-A2EC-E9992C3C58AD}.Debug|Any CPU.ActiveCfg = Debug|Any CPU
		{91C5285C-A17F-40B0-A2EC-E9992C3C58AD}.Debug|Any CPU.Build.0 = Debug|Any CPU
		{91C5285C-A17F-40B0-A2EC-E9992C3C58AD}.Release|Any CPU.ActiveCfg = Release|Any CPU
		{91C5285C-A17F-40B0-A2EC-E9992C3C58AD}.Release|Any CPU.Build.0 = Release|Any CPU
		{36C65304-976D-4E82-9F92-2284B66EBFD4}.Debug|Any CPU.ActiveCfg = Debug|Any CPU
		{36C65304-976D-4E82-9F92-2284B66EBFD4}.Debug|Any CPU.Build.0 = Debug|Any CPU
		{36C65304-976D-4E82-9F92-2284B66EBFD4}.Release|Any CPU.ActiveCfg = Release|Any CPU
		{36C65304-976D-4E82-9F92-2284B66EBFD4}.Release|Any CPU.Build.0 = Release|Any CPU
	EndGlobalSection
	GlobalSection(SolutionProperties) = preSolution
		HideSolutionNode = FALSE
	EndGlobalSection
	GlobalSection(ExtensibilityGlobals) = postSolution
		SolutionGuid = {4EB843D1-CCD0-495E-96B6-D5BFE13F4CA7}
	EndGlobalSection
EndGlobal
