
Microsoft Visual Studio Solution File, Format Version 12.00
# Visual Studio Version 17
VisualStudioVersion = 17.6.33815.320
MinimumVisualStudioVersion = 10.0.40219.1
Project("{FAE04EC0-301F-11D3-BF4B-00C04F79EFBC}") = "RealtimeChat", "RealtimeChat\RealtimeChat.csproj", "{AFB0BF36-FD4E-4086-AB11-286E8BE7D235}"
EndProject
Global
	GlobalSection(SolutionConfigurationPlatforms) = preSolution
		Debug|Any CPU = Debug|Any CPU
		Release|Any CPU = Release|Any CPU
	EndGlobalSection
	GlobalSection(ProjectConfigurationPlatforms) = postSolution
		{AFB0BF36-FD4E-4086-AB11-286E8BE7D235}.Debug|Any CPU.ActiveCfg = Debug|Any CPU
		{AFB0BF36-FD4E-4086-AB11-286E8BE7D235}.Debug|Any CPU.Build.0 = Debug|Any CPU
		{AFB0BF36-FD4E-4086-AB11-286E8BE7D235}.Release|Any CPU.ActiveCfg = Release|Any CPU
		{AFB0BF36-FD4E-4086-AB11-286E8BE7D235}.Release|Any CPU.Build.0 = Release|Any CPU
	EndGlobalSection
	GlobalSection(SolutionProperties) = preSolution
		HideSolutionNode = FALSE
	EndGlobalSection
	GlobalSection(ExtensibilityGlobals) = postSolution
		SolutionGuid = {AE2A5249-533E-418F-A5B6-D99E878575D9}
	EndGlobalSection
EndGlobal
