
Microsoft Visual Studio Solution File, Format Version 12.00
# Visual Studio Version 17
VisualStudioVersion = 17.3.32811.315
MinimumVisualStudioVersion = 10.0.40219.1
Project("{FAE04EC0-301F-11D3-BF4B-00C04F79EFBC}") = "ContactsAPI", "ContactsAPI\ContactsAPI.csproj", "{DDF382A1-A6C0-4C00-852D-3481153D02CE}"
EndProject
Global
	GlobalSection(SolutionConfigurationPlatforms) = preSolution
		Debug|Any CPU = Debug|Any CPU
		Release|Any CPU = Release|Any CPU
	EndGlobalSection
	GlobalSection(ProjectConfigurationPlatforms) = postSolution
		{DDF382A1-A6C0-4C00-852D-3481153D02CE}.Debug|Any CPU.ActiveCfg = Debug|Any CPU
		{DDF382A1-A6C0-4C00-852D-3481153D02CE}.Debug|Any CPU.Build.0 = Debug|Any CPU
		{DDF382A1-A6C0-4C00-852D-3481153D02CE}.Release|Any CPU.ActiveCfg = Release|Any CPU
		{DDF382A1-A6C0-4C00-852D-3481153D02CE}.Release|Any CPU.Build.0 = Release|Any CPU
	EndGlobalSection
	GlobalSection(SolutionProperties) = preSolution
		HideSolutionNode = FALSE
	EndGlobalSection
	GlobalSection(ExtensibilityGlobals) = postSolution
		SolutionGuid = {2FDF7712-231F-4459-9F18-7FC2C4A7EBF6}
	EndGlobalSection
EndGlobal
